// !$*UTF8*$!
{
	archiveVersion = 1;
	classes = {
	};
	objectVersion = 50;
	objects = {

/* Begin PBXBuildFile section */
		3235368323D8C0C90056DBE9 /* OtherViewController.swift in Sources */ = {isa = PBXBuildFile; fileRef = 3235368223D8C0C90056DBE9 /* OtherViewController.swift */; };
		3235368923D8ED380056DBE9 /* World.png in Resources */ = {isa = PBXBuildFile; fileRef = 3235368823D8ED380056DBE9 /* World.png */; };
		3235368D23DBA0410056DBE9 /* AdMobConfig.swift in Sources */ = {isa = PBXBuildFile; fileRef = 3235368C23DBA0410056DBE9 /* AdMobConfig.swift */; };
		323536B523DF84020056DBE9 /* RateManager.swift in Sources */ = {isa = PBXBuildFile; fileRef = 323536B423DF84020056DBE9 /* RateManager.swift */; };
		32434D0923B3C1360037B4D8 /* AppDelegate.swift in Sources */ = {isa = PBXBuildFile; fileRef = 32434D0823B3C1360037B4D8 /* AppDelegate.swift */; };
		32434D0B23B3C1360037B4D8 /* SceneDelegate.swift in Sources */ = {isa = PBXBuildFile; fileRef = 32434D0A23B3C1360037B4D8 /* SceneDelegate.swift */; };
		32434D1023B3C1360037B4D8 /* Main.storyboard in Resources */ = {isa = PBXBuildFile; fileRef = 32434D0E23B3C1360037B4D8 /* Main.storyboard */; };
		32434D1223B3C1380037B4D8 /* Assets.xcassets in Resources */ = {isa = PBXBuildFile; fileRef = 32434D1123B3C1380037B4D8 /* Assets.xcassets */; };
		32434D1523B3C1380037B4D8 /* LaunchScreen.storyboard in Resources */ = {isa = PBXBuildFile; fileRef = 32434D1323B3C1380037B4D8 /* LaunchScreen.storyboard */; };
		32434D2123B3C39D0037B4D8 /* date.xml in Resources */ = {isa = PBXBuildFile; fileRef = 32434D2023B3C39D0037B4D8 /* date.xml */; };
		32434D2323B3C7BE0037B4D8 /* Model.swift in Sources */ = {isa = PBXBuildFile; fileRef = 32434D2223B3C7BE0037B4D8 /* Model.swift */; };
		32434D2523B557EC0037B4D8 /* CoursesController.swift in Sources */ = {isa = PBXBuildFile; fileRef = 32434D2423B557EC0037B4D8 /* CoursesController.swift */; };
		32434D2723B96AA50037B4D8 /* SettingsViewController.swift in Sources */ = {isa = PBXBuildFile; fileRef = 32434D2623B96AA50037B4D8 /* SettingsViewController.swift */; };
		32434D2923C3397B0037B4D8 /* ConverterController.swift in Sources */ = {isa = PBXBuildFile; fileRef = 32434D2823C3397B0037B4D8 /* ConverterController.swift */; };
		32434D2B23C529550037B4D8 /* SelectCurrencyController.swift in Sources */ = {isa = PBXBuildFile; fileRef = 32434D2A23C529550037B4D8 /* SelectCurrencyController.swift */; };
		32434D2D23C696A20037B4D8 /* CellControllerTableViewCell.swift in Sources */ = {isa = PBXBuildFile; fileRef = 32434D2C23C696A20037B4D8 /* CellControllerTableViewCell.swift */; };
		3285BB6623C7C20A0079F250 /* CellConverterController.swift in Sources */ = {isa = PBXBuildFile; fileRef = 3285BB6523C7C20A0079F250 /* CellConverterController.swift */; };
		329B03E723CE567E00E0CE9D /* RUBCon.png in Resources */ = {isa = PBXBuildFile; fileRef = 329B03E623CE567E00E0CE9D /* RUBCon.png */; };
/* End PBXBuildFile section */

/* Begin PBXFileReference section */
		3235368223D8C0C90056DBE9 /* OtherViewController.swift */ = {isa = PBXFileReference; lastKnownFileType = sourcecode.swift; path = OtherViewController.swift; sourceTree = "<group>"; };
		3235368823D8ED380056DBE9 /* World.png */ = {isa = PBXFileReference; lastKnownFileType = image.png; path = World.png; sourceTree = "<group>"; };
		3235368C23DBA0410056DBE9 /* AdMobConfig.swift */ = {isa = PBXFileReference; lastKnownFileType = sourcecode.swift; path = AdMobConfig.swift; sourceTree = "<group>"; };
		323536B423DF84020056DBE9 /* RateManager.swift */ = {isa = PBXFileReference; lastKnownFileType = sourcecode.swift; path = RateManager.swift; sourceTree = "<group>"; };
		32434D0523B3C1360037B4D8 /* CurrensyCourses( Senin Course 25.12.19).app */ = {isa = PBXFileReference; explicitFileType = wrapper.application; includeInIndex = 0; path = "CurrensyCourses( Senin Course 25.12.19).app"; sourceTree = BUILT_PRODUCTS_DIR; };
		32434D0823B3C1360037B4D8 /* AppDelegate.swift */ = {isa = PBXFileReference; lastKnownFileType = sourcecode.swift; path = AppDelegate.swift; sourceTree = "<group>"; };
		32434D0A23B3C1360037B4D8 /* SceneDelegate.swift */ = {isa = PBXFileReference; lastKnownFileType = sourcecode.swift; path = SceneDelegate.swift; sourceTree = "<group>"; };
		32434D0F23B3C1360037B4D8 /* Base */ = {isa = PBXFileReference; lastKnownFileType = file.storyboard; name = Base; path = Base.lproj/Main.storyboard; sourceTree = "<group>"; };
		32434D1123B3C1380037B4D8 /* Assets.xcassets */ = {isa = PBXFileReference; lastKnownFileType = folder.assetcatalog; path = Assets.xcassets; sourceTree = "<group>"; };
		32434D1423B3C1380037B4D8 /* Base */ = {isa = PBXFileReference; lastKnownFileType = file.storyboard; name = Base; path = Base.lproj/LaunchScreen.storyboard; sourceTree = "<group>"; };
		32434D1623B3C1380037B4D8 /* Info.plist */ = {isa = PBXFileReference; lastKnownFileType = text.plist.xml; path = Info.plist; sourceTree = "<group>"; };
		32434D2023B3C39D0037B4D8 /* date.xml */ = {isa = PBXFileReference; fileEncoding = 4; lastKnownFileType = text.xml; path = date.xml; sourceTree = SOURCE_ROOT; };
		32434D2223B3C7BE0037B4D8 /* Model.swift */ = {isa = PBXFileReference; lastKnownFileType = sourcecode.swift; path = Model.swift; sourceTree = "<group>"; };
		32434D2423B557EC0037B4D8 /* CoursesController.swift */ = {isa = PBXFileReference; lastKnownFileType = sourcecode.swift; path = CoursesController.swift; sourceTree = "<group>"; };
		32434D2623B96AA50037B4D8 /* SettingsViewController.swift */ = {isa = PBXFileReference; lastKnownFileType = sourcecode.swift; path = SettingsViewController.swift; sourceTree = "<group>"; };
		32434D2823C3397B0037B4D8 /* ConverterController.swift */ = {isa = PBXFileReference; lastKnownFileType = sourcecode.swift; path = ConverterController.swift; sourceTree = "<group>"; };
		32434D2A23C529550037B4D8 /* SelectCurrencyController.swift */ = {isa = PBXFileReference; lastKnownFileType = sourcecode.swift; path = SelectCurrencyController.swift; sourceTree = "<group>"; };
		32434D2C23C696A20037B4D8 /* CellControllerTableViewCell.swift */ = {isa = PBXFileReference; lastKnownFileType = sourcecode.swift; path = CellControllerTableViewCell.swift; sourceTree = "<group>"; };
		3285BB6523C7C20A0079F250 /* CellConverterController.swift */ = {isa = PBXFileReference; lastKnownFileType = sourcecode.swift; path = CellConverterController.swift; sourceTree = "<group>"; };
		329B03E623CE567E00E0CE9D /* RUBCon.png */ = {isa = PBXFileReference; lastKnownFileType = image.png; path = RUBCon.png; sourceTree = "<group>"; };
/* End PBXFileReference section */

/* Begin PBXFrameworksBuildPhase section */
		32434D0223B3C1360037B4D8 /* Frameworks */ = {
			isa = PBXFrameworksBuildPhase;
			buildActionMask = 2147483647;
			files = (
			);
			runOnlyForDeploymentPostprocessing = 0;
		};
/* End PBXFrameworksBuildPhase section */

/* Begin PBXGroup section */
		32434CFC23B3C1360037B4D8 = {
			isa = PBXGroup;
			children = (
				32434D0723B3C1360037B4D8 /* CurrensyCourses( Senin Course 25.12.19) */,
				32434D0623B3C1360037B4D8 /* Products */,
			);
			sourceTree = "<group>";
		};
		32434D0623B3C1360037B4D8 /* Products */ = {
			isa = PBXGroup;
			children = (
				32434D0523B3C1360037B4D8 /* CurrensyCourses( Senin Course 25.12.19).app */,
			);
			name = Products;
			sourceTree = "<group>";
		};
		32434D0723B3C1360037B4D8 /* CurrensyCourses( Senin Course 25.12.19) */ = {
			isa = PBXGroup;
			children = (
				32434D0E23B3C1360037B4D8 /* Main.storyboard */,
				32434D0823B3C1360037B4D8 /* AppDelegate.swift */,
				32434D0A23B3C1360037B4D8 /* SceneDelegate.swift */,
				32434D2223B3C7BE0037B4D8 /* Model.swift */,
				32434D2423B557EC0037B4D8 /* CoursesController.swift */,
				32434D2C23C696A20037B4D8 /* CellControllerTableViewCell.swift */,
				32434D2823C3397B0037B4D8 /* ConverterController.swift */,
				32434D2623B96AA50037B4D8 /* SettingsViewController.swift */,
				32434D2A23C529550037B4D8 /* SelectCurrencyController.swift */,
				3285BB6523C7C20A0079F250 /* CellConverterController.swift */,
				323536B423DF84020056DBE9 /* RateManager.swift */,
				3235368223D8C0C90056DBE9 /* OtherViewController.swift */,
				3235368823D8ED380056DBE9 /* World.png */,
				32434D1123B3C1380037B4D8 /* Assets.xcassets */,
				329B03E623CE567E00E0CE9D /* RUBCon.png */,
				32434D1323B3C1380037B4D8 /* LaunchScreen.storyboard */,
				32434D1623B3C1380037B4D8 /* Info.plist */,
				32434D2023B3C39D0037B4D8 /* date.xml */,
				3235368C23DBA0410056DBE9 /* AdMobConfig.swift */,
			);
			path = "CurrensyCourses( Senin Course 25.12.19)";
			sourceTree = "<group>";
		};
/* End PBXGroup section */

/* Begin PBXNativeTarget section */
		32434D0423B3C1360037B4D8 /* CurrensyCourses( Senin Course 25.12.19) */ = {
			isa = PBXNativeTarget;
			buildConfigurationList = 32434D1923B3C1380037B4D8 /* Build configuration list for PBXNativeTarget "CurrensyCourses( Senin Course 25.12.19)" */;
			buildPhases = (
				32434D0123B3C1360037B4D8 /* Sources */,
				32434D0223B3C1360037B4D8 /* Frameworks */,
				32434D0323B3C1360037B4D8 /* Resources */,
			);
			buildRules = (
			);
			dependencies = (
			);
			name = "CurrensyCourses( Senin Course 25.12.19)";
			productName = "CurrensyCourses( Senin Course 25.12.19)";
			productReference = 32434D0523B3C1360037B4D8 /* CurrensyCourses( Senin Course 25.12.19).app */;
			productType = "com.apple.product-type.application";
		};
/* End PBXNativeTarget section */

/* Begin PBXProject section */
		32434CFD23B3C1360037B4D8 /* Project object */ = {
			isa = PBXProject;
			attributes = {
				LastSwiftUpdateCheck = 1130;
				LastUpgradeCheck = 1130;
				ORGANIZATIONNAME = "Алексей Чигарских";
				TargetAttributes = {
					32434D0423B3C1360037B4D8 = {
						CreatedOnToolsVersion = 11.3;
					};
				};
			};
			buildConfigurationList = 32434D0023B3C1360037B4D8 /* Build configuration list for PBXProject "CurrensyCourses( Senin Course 25.12.19)" */;
			compatibilityVersion = "Xcode 9.3";
			developmentRegion = en;
			hasScannedForEncodings = 0;
			knownRegions = (
				en,
				Base,
			);
			mainGroup = 32434CFC23B3C1360037B4D8;
			productRefGroup = 32434D0623B3C1360037B4D8 /* Products */;
			projectDirPath = "";
			projectRoot = "";
			targets = (
				32434D0423B3C1360037B4D8 /* CurrensyCourses( Senin Course 25.12.19) */,
			);
		};
/* End PBXProject section */

/* Begin PBXResourcesBuildPhase section */
		32434D0323B3C1360037B4D8 /* Resources */ = {
			isa = PBXResourcesBuildPhase;
			buildActionMask = 2147483647;
			files = (
				32434D1523B3C1380037B4D8 /* LaunchScreen.storyboard in Resources */,
				32434D2123B3C39D0037B4D8 /* date.xml in Resources */,
				3235368923D8ED380056DBE9 /* World.png in Resources */,
				329B03E723CE567E00E0CE9D /* RUBCon.png in Resources */,
				32434D1223B3C1380037B4D8 /* Assets.xcassets in Resources */,
				32434D1023B3C1360037B4D8 /* Main.storyboard in Resources */,
			);
			runOnlyForDeploymentPostprocessing = 0;
		};
/* End PBXResourcesBuildPhase section */

/* Begin PBXSourcesBuildPhase section */
		32434D0123B3C1360037B4D8 /* Sources */ = {
			isa = PBXSourcesBuildPhase;
			buildActionMask = 2147483647;
			files = (
				32434D0923B3C1360037B4D8 /* AppDelegate.swift in Sources */,
				3235368D23DBA0410056DBE9 /* AdMobConfig.swift in Sources */,
				32434D2D23C696A20037B4D8 /* CellControllerTableViewCell.swift in Sources */,
				32434D2B23C529550037B4D8 /* SelectCurrencyController.swift in Sources */,
				32434D0B23B3C1360037B4D8 /* SceneDelegate.swift in Sources */,
				32434D2523B557EC0037B4D8 /* CoursesController.swift in Sources */,
				3285BB6623C7C20A0079F250 /* CellConverterController.swift in Sources */,
				323536B523DF84020056DBE9 /* RateManager.swift in Sources */,
				32434D2723B96AA50037B4D8 /* SettingsViewController.swift in Sources */,
				32434D2923C3397B0037B4D8 /* ConverterController.swift in Sources */,
				32434D2323B3C7BE0037B4D8 /* Model.swift in Sources */,
				3235368323D8C0C90056DBE9 /* OtherViewController.swift in Sources */,
			);
			runOnlyForDeploymentPostprocessing = 0;
		};
/* End PBXSourcesBuildPhase section */

/* Begin PBXVariantGroup section */
		32434D0E23B3C1360037B4D8 /* Main.storyboard */ = {
			isa = PBXVariantGroup;
			children = (
				32434D0F23B3C1360037B4D8 /* Base */,
			);
			name = Main.storyboard;
			sourceTree = "<group>";
		};
		32434D1323B3C1380037B4D8 /* LaunchScreen.storyboard */ = {
			isa = PBXVariantGroup;
			children = (
				32434D1423B3C1380037B4D8 /* Base */,
			);
			name = LaunchScreen.storyboard;
			sourceTree = "<group>";
		};
/* End PBXVariantGroup section */

/* Begin XCBuildConfiguration section */
		32434D1723B3C1380037B4D8 /* Debug */ = {
			isa = XCBuildConfiguration;
			buildSettings = {
				ALWAYS_SEARCH_USER_PATHS = NO;
				CLANG_ANALYZER_NONNULL = YES;
				CLANG_ANALYZER_NUMBER_OBJECT_CONVERSION = YES_AGGRESSIVE;
				CLANG_CXX_LANGUAGE_STANDARD = "gnu++14";
				CLANG_CXX_LIBRARY = "libc++";
				CLANG_ENABLE_MODULES = YES;
				CLANG_ENABLE_OBJC_ARC = YES;
				CLANG_ENABLE_OBJC_WEAK = YES;
				CLANG_WARN_BLOCK_CAPTURE_AUTORELEASING = YES;
				CLANG_WARN_BOOL_CONVERSION = YES;
				CLANG_WARN_COMMA = YES;
				CLANG_WARN_CONSTANT_CONVERSION = YES;
				CLANG_WARN_DEPRECATED_OBJC_IMPLEMENTATIONS = YES;
				CLANG_WARN_DIRECT_OBJC_ISA_USAGE = YES_ERROR;
				CLANG_WARN_DOCUMENTATION_COMMENTS = YES;
				CLANG_WARN_EMPTY_BODY = YES;
				CLANG_WARN_ENUM_CONVERSION = YES;
				CLANG_WARN_INFINITE_RECURSION = YES;
				CLANG_WARN_INT_CONVERSION = YES;
				CLANG_WARN_NON_LITERAL_NULL_CONVERSION = YES;
				CLANG_WARN_OBJC_IMPLICIT_RETAIN_SELF = YES;
				CLANG_WARN_OBJC_LITERAL_CONVERSION = YES;
				CLANG_WARN_OBJC_ROOT_CLASS = YES_ERROR;
				CLANG_WARN_RANGE_LOOP_ANALYSIS = YES;
				CLANG_WARN_STRICT_PROTOTYPES = YES;
				CLANG_WARN_SUSPICIOUS_MOVE = YES;
				CLANG_WARN_UNGUARDED_AVAILABILITY = YES_AGGRESSIVE;
				CLANG_WARN_UNREACHABLE_CODE = YES;
				CLANG_WARN__DUPLICATE_METHOD_MATCH = YES;
				COPY_PHASE_STRIP = NO;
				DEBUG_INFORMATION_FORMAT = dwarf;
				ENABLE_STRICT_OBJC_MSGSEND = YES;
				ENABLE_TESTABILITY = YES;
				GCC_C_LANGUAGE_STANDARD = gnu11;
				GCC_DYNAMIC_NO_PIC = NO;
				GCC_NO_COMMON_BLOCKS = YES;
				GCC_OPTIMIZATION_LEVEL = 0;
				GCC_PREPROCESSOR_DEFINITIONS = (
					"DEBUG=1",
					"$(inherited)",
				);
				GCC_WARN_64_TO_32_BIT_CONVERSION = YES;
				GCC_WARN_ABOUT_RETURN_TYPE = YES_ERROR;
				GCC_WARN_UNDECLARED_SELECTOR = YES;
				GCC_WARN_UNINITIALIZED_AUTOS = YES_AGGRESSIVE;
				GCC_WARN_UNUSED_FUNCTION = YES;
				GCC_WARN_UNUSED_VARIABLE = YES;
				IPHONEOS_DEPLOYMENT_TARGET = 13.2;
				MTL_ENABLE_DEBUG_INFO = INCLUDE_SOURCE;
				MTL_FAST_MATH = YES;
				ONLY_ACTIVE_ARCH = YES;
				SDKROOT = iphoneos;
				SWIFT_ACTIVE_COMPILATION_CONDITIONS = DEBUG;
				SWIFT_OPTIMIZATION_LEVEL = "-Onone";
			};
			name = Debug;
		};
		32434D1823B3C1380037B4D8 /* Release */ = {
			isa = XCBuildConfiguration;
			buildSettings = {
				ALWAYS_SEARCH_USER_PATHS = NO;
				CLANG_ANALYZER_NONNULL = YES;
				CLANG_ANALYZER_NUMBER_OBJECT_CONVERSION = YES_AGGRESSIVE;
				CLANG_CXX_LANGUAGE_STANDARD = "gnu++14";
				CLANG_CXX_LIBRARY = "libc++";
				CLANG_ENABLE_MODULES = YES;
				CLANG_ENABLE_OBJC_ARC = YES;
				CLANG_ENABLE_OBJC_WEAK = YES;
				CLANG_WARN_BLOCK_CAPTURE_AUTORELEASING = YES;
				CLANG_WARN_BOOL_CONVERSION = YES;
				CLANG_WARN_COMMA = YES;
				CLANG_WARN_CONSTANT_CONVERSION = YES;
				CLANG_WARN_DEPRECATED_OBJC_IMPLEMENTATIONS = YES;
				CLANG_WARN_DIRECT_OBJC_ISA_USAGE = YES_ERROR;
				CLANG_WARN_DOCUMENTATION_COMMENTS = YES;
				CLANG_WARN_EMPTY_BODY = YES;
				CLANG_WARN_ENUM_CONVERSION = YES;
				CLANG_WARN_INFINITE_RECURSION = YES;
				CLANG_WARN_INT_CONVERSION = YES;
				CLANG_WARN_NON_LITERAL_NULL_CONVERSION = YES;
				CLANG_WARN_OBJC_IMPLICIT_RETAIN_SELF = YES;
				CLANG_WARN_OBJC_LITERAL_CONVERSION = YES;
				CLANG_WARN_OBJC_ROOT_CLASS = YES_ERROR;
				CLANG_WARN_RANGE_LOOP_ANALYSIS = YES;
				CLANG_WARN_STRICT_PROTOTYPES = YES;
				CLANG_WARN_SUSPICIOUS_MOVE = YES;
				CLANG_WARN_UNGUARDED_AVAILABILITY = YES_AGGRESSIVE;
				CLANG_WARN_UNREACHABLE_CODE = YES;
				CLANG_WARN__DUPLICATE_METHOD_MATCH = YES;
				COPY_PHASE_STRIP = NO;
				DEBUG_INFORMATION_FORMAT = "dwarf-with-dsym";
				ENABLE_NS_ASSERTIONS = NO;
				ENABLE_STRICT_OBJC_MSGSEND = YES;
				GCC_C_LANGUAGE_STANDARD = gnu11;
				GCC_NO_COMMON_BLOCKS = YES;
				GCC_WARN_64_TO_32_BIT_CONVERSION = YES;
				GCC_WARN_ABOUT_RETURN_TYPE = YES_ERROR;
				GCC_WARN_UNDECLARED_SELECTOR = YES;
				GCC_WARN_UNINITIALIZED_AUTOS = YES_AGGRESSIVE;
				GCC_WARN_UNUSED_FUNCTION = YES;
				GCC_WARN_UNUSED_VARIABLE = YES;
				IPHONEOS_DEPLOYMENT_TARGET = 13.2;
				MTL_ENABLE_DEBUG_INFO = NO;
				MTL_FAST_MATH = YES;
				SDKROOT = iphoneos;
				SWIFT_COMPILATION_MODE = wholemodule;
				SWIFT_OPTIMIZATION_LEVEL = "-O";
				VALIDATE_PRODUCT = YES;
			};
			name = Release;
		};
		32434D1A23B3C1380037B4D8 /* Debug */ = {
			isa = XCBuildConfiguration;
			buildSettings = {
				ASSETCATALOG_COMPILER_APPICON_NAME = AppIcon;
				CODE_SIGN_STYLE = Automatic;
				INFOPLIST_FILE = "CurrensyCourses( Senin Course 25.12.19)/Info.plist";
				LD_RUNPATH_SEARCH_PATHS = (
					"$(inherited)",
					"@executable_path/Frameworks",
				);
				PRODUCT_BUNDLE_IDENTIFIER = surfSpot.WorldCurrencyCourses;
				PRODUCT_NAME = "$(TARGET_NAME)";
				SWIFT_VERSION = 5.0;
				TARGETED_DEVICE_FAMILY = "1,2";
			};
			name = Debug;
		};
		32434D1B23B3C1380037B4D8 /* Release */ = {
			isa = XCBuildConfiguration;
			buildSettings = {
				ASSETCATALOG_COMPILER_APPICON_NAME = AppIcon;
				CODE_SIGN_STYLE = Automatic;
				INFOPLIST_FILE = "CurrensyCourses( Senin Course 25.12.19)/Info.plist";
				LD_RUNPATH_SEARCH_PATHS = (
					"$(inherited)",
					"@executable_path/Frameworks",
				);
				"OTHER_LDFLAGS[arch=*]" = "-ObjC";
				PRODUCT_BUNDLE_IDENTIFIER = surfSpot.WorldCurrencyCourses;
				PRODUCT_NAME = "$(TARGET_NAME)";
				SWIFT_VERSION = 5.0;
				TARGETED_DEVICE_FAMILY = "1,2";
			};
			name = Release;
		};
/* End XCBuildConfiguration section */

/* Begin XCConfigurationList section */
		32434D0023B3C1360037B4D8 /* Build configuration list for PBXProject "CurrensyCourses( Senin Course 25.12.19)" */ = {
			isa = XCConfigurationList;
			buildConfigurations = (
				32434D1723B3C1380037B4D8 /* Debug */,
				32434D1823B3C1380037B4D8 /* Release */,
			);
			defaultConfigurationIsVisible = 0;
			defaultConfigurationName = Release;
		};
		32434D1923B3C1380037B4D8 /* Build configuration list for PBXNativeTarget "CurrensyCourses( Senin Course 25.12.19)" */ = {
			isa = XCConfigurationList;
			buildConfigurations = (
				32434D1A23B3C1380037B4D8 /* Debug */,
				32434D1B23B3C1380037B4D8 /* Release */,
			);
			defaultConfigurationIsVisible = 0;
			defaultConfigurationName = Release;
		};
/* End XCConfigurationList section */
	};
	rootObject = 32434CFD23B3C1360037B4D8 /* Project object */;
}
